<?xml version="1.0" encoding="utf-8"?>
<Project ToolsVersion="4.0" xmlns="http://schemas.microsoft.com/developer/msbuild/2003">
  <ItemGroup>
    <ClCompile Include="SceneBase.cpp" />
    <ClCompile Include="Src\Enemy.cpp" />
    <ClCompile Include="Src\EnemyBase.cpp" />
    <ClCompile Include="Src\Fader.cpp" />
    <ClCompile Include="Src\SceneManager.cpp" />
    <ClCompile Include="Src\Application.cpp" />
    <ClCompile Include="Src\AsoUtility.cpp" />
    <ClCompile Include="Src\FpsControl\FpsControl.cpp" />
    <ClCompile Include="Src\Main.cpp" />
    <ClCompile Include="Src\Manager\InputManager.cpp" />
    <ClCompile Include="Src\MatrixUtility.cpp" />
    <ClCompile Include="Src\Quaternion.cpp" />
    <ClCompile Include="Src\TitleScene.cpp" />
    <ClCompile Include="Src\Vector2.cpp" />
    <ClCompile Include="GameScene.cpp" />
    <ClCompile Include="PlayerBase.cpp" />
    <ClCompile Include="PlayerFront.cpp" />
    <ClCompile Include="Src\Vector2F.cpp" />
  </ItemGroup>
  <ItemGroup>
    <ClInclude Include="SceneBase.h" />
    <ClInclude Include="Src\Enemy.h" />
    <ClInclude Include="Src\EnemyBase.h" />
    <ClInclude Include="Src\Fader.h" />
    <ClInclude Include="Src\SceneManager.h" />
    <ClInclude Include="Src\Application.h" />
    <ClInclude Include="Src\AsoUtility.h" />
    <ClInclude Include="Src\FpsControl\FpsControl.h" />
    <ClInclude Include="Src\Main.h" />
    <ClInclude Include="Src\Manager\InputManager.h" />
    <ClInclude Include="Src\MatrixUtility.h" />
    <ClInclude Include="Src\Quaternion.h" />
    <ClInclude Include="Src\TitleScene.h" />
    <ClInclude Include="Src\Vector2.h" />
    <ClInclude Include="StDefine.h" />
    <ClInclude Include="GameScene.h" />
    <ClInclude Include="PlayerBase.h" />
    <ClInclude Include="PlayerFront.h" />
    <ClInclude Include="Src\Vector2F.h" />
  </ItemGroup>
</Project>